github.com/Milbertkg/commons v0.0.0-20240116050318-bd0665a1ef6b h1:47DEQpj8HBSa+/TImW+5JCeuQeRkm5NMpJWZG3hSuFU=
github.com/Milbertkg/commons v0.0.0-20240116050318-bd0665a1ef6b/go.mod h1:FcS9UMc/gUZvMy0jAT/+SeAbluhaMYG2tjdt+m5VOgk=
github.com/Milbertkg/commons/text/readText v0.0.0-20240116050318-bd0665a1ef6b h1:UlWv333dHxJvmrrBK6BVrrsynjQHNTU7S1R7mDhnqX8=
github.com/Milbertkg/commons/text/readText v0.0.0-20240116050318-bd0665a1ef6b/go.mod h1:4CWja1t10U2XheQnRoj5OoDP8DushwjNNqytR/7kTlc=
